
Microsoft Visual Studio Solution File, Format Version 12.00
# Visual Studio Version 17
VisualStudioVersion = 17.10.34928.147
MinimumVisualStudioVersion = 10.0.40219.1
Project("{9A19103F-16F7-4668-BE54-9A1E7A4F7556}") = "Calculator", "Calculator\Calculator.csproj", "{38F81249-00EC-4319-80DA-A496AE9B445C}"
EndProject
Project("{9A19103F-16F7-4668-BE54-9A1E7A4F7556}") = "PrimesInRange", "PrimesInRange\PrimesInRange.csproj", "{C0E63F2E-DA33-43E1-AE62-0252DD756AB9}"
EndProject
Project("{9A19103F-16F7-4668-BE54-9A1E7A4F7556}") = "WinFormsUtil", "WinFormsUtil\WinFormsUtil.csproj", "{ABDA39E3-B536-4815-A49B-CFA534EEA309}"
EndProject
Project("{9A19103F-16F7-4668-BE54-9A1E7A4F7556}") = "KnightsTour", "KnightsTour\KnightsTour.csproj", "{47D6055B-647F-4D0B-9104-172DAACE833F}"
EndProject
Project("{FAE04EC0-301F-11D3-BF4B-00C04F79EFBC}") = "PrimeDistances", "PrimeDistances\PrimeDistances.csproj", "{1B8BC92F-F8F2-438D-8F19-A5923F107C6F}"
EndProject
Global
	GlobalSection(SolutionConfigurationPlatforms) = preSolution
		Debug|Any CPU = Debug|Any CPU
		Release|Any CPU = Release|Any CPU
	EndGlobalSection
	GlobalSection(ProjectConfigurationPlatforms) = postSolution
		{38F81249-00EC-4319-80DA-A496AE9B445C}.Debug|Any CPU.ActiveCfg = Debug|Any CPU
		{38F81249-00EC-4319-80DA-A496AE9B445C}.Debug|Any CPU.Build.0 = Debug|Any CPU
		{38F81249-00EC-4319-80DA-A496AE9B445C}.Release|Any CPU.ActiveCfg = Release|Any CPU
		{38F81249-00EC-4319-80DA-A496AE9B445C}.Release|Any CPU.Build.0 = Release|Any CPU
		{C0E63F2E-DA33-43E1-AE62-0252DD756AB9}.Debug|Any CPU.ActiveCfg = Debug|Any CPU
		{C0E63F2E-DA33-43E1-AE62-0252DD756AB9}.Debug|Any CPU.Build.0 = Debug|Any CPU
		{C0E63F2E-DA33-43E1-AE62-0252DD756AB9}.Release|Any CPU.ActiveCfg = Release|Any CPU
		{C0E63F2E-DA33-43E1-AE62-0252DD756AB9}.Release|Any CPU.Build.0 = Release|Any CPU
		{ABDA39E3-B536-4815-A49B-CFA534EEA309}.Debug|Any CPU.ActiveCfg = Debug|Any CPU
		{ABDA39E3-B536-4815-A49B-CFA534EEA309}.Debug|Any CPU.Build.0 = Debug|Any CPU
		{ABDA39E3-B536-4815-A49B-CFA534EEA309}.Release|Any CPU.ActiveCfg = Release|Any CPU
		{ABDA39E3-B536-4815-A49B-CFA534EEA309}.Release|Any CPU.Build.0 = Release|Any CPU
		{47D6055B-647F-4D0B-9104-172DAACE833F}.Debug|Any CPU.ActiveCfg = Debug|Any CPU
		{47D6055B-647F-4D0B-9104-172DAACE833F}.Debug|Any CPU.Build.0 = Debug|Any CPU
		{47D6055B-647F-4D0B-9104-172DAACE833F}.Release|Any CPU.ActiveCfg = Release|Any CPU
		{47D6055B-647F-4D0B-9104-172DAACE833F}.Release|Any CPU.Build.0 = Release|Any CPU
		{1B8BC92F-F8F2-438D-8F19-A5923F107C6F}.Debug|Any CPU.ActiveCfg = Debug|Any CPU
		{1B8BC92F-F8F2-438D-8F19-A5923F107C6F}.Debug|Any CPU.Build.0 = Debug|Any CPU
		{1B8BC92F-F8F2-438D-8F19-A5923F107C6F}.Release|Any CPU.ActiveCfg = Release|Any CPU
		{1B8BC92F-F8F2-438D-8F19-A5923F107C6F}.Release|Any CPU.Build.0 = Release|Any CPU
	EndGlobalSection
	GlobalSection(SolutionProperties) = preSolution
		HideSolutionNode = FALSE
	EndGlobalSection
	GlobalSection(ExtensibilityGlobals) = postSolution
		SolutionGuid = {96370618-5956-442F-A58B-724A647D5CFD}
	EndGlobalSection
EndGlobal
